
Microsoft Visual Studio Solution File, Format Version 12.00
# Visual Studio 15
VisualStudioVersion = 15.0.27130.2010
MinimumVisualStudioVersion = 10.0.40219.1
Project("{FAE04EC0-301F-11D3-BF4B-00C04F79EFBC}") = "ZookeeperHelper", "ZookeeperHelper\ZookeeperHelper.csproj", "{7E2E125D-74BD-4AD6-8E02-A08A695F9D99}"
EndProject
Project("{FAE04EC0-301F-11D3-BF4B-00C04F79EFBC}") = "ZkService", "ZkService\ZkService.csproj", "{D1B4455F-3FF3-4872-B641-DC326F0CE24C}"
EndProject
Project("{FAE04EC0-301F-11D3-BF4B-00C04F79EFBC}") = "ZkCustomer", "ZkCustomer\ZkCustomer.csproj", "{DEAF0B68-BC36-419C-936E-DCE52FE8BD33}"
EndProject
Project("{FAE04EC0-301F-11D3-BF4B-00C04F79EFBC}") = "ZkTest", "ZkTest\ZkTest.csproj", "{35CC0FF5-A9FA-454E-A6B1-67260929222C}"
EndProject
Global
	GlobalSection(SolutionConfigurationPlatforms) = preSolution
		Debug|Any CPU = Debug|Any CPU
		Debug|x86 = Debug|x86
		Release|Any CPU = Release|Any CPU
		Release|x86 = Release|x86
	EndGlobalSection
	GlobalSection(ProjectConfigurationPlatforms) = postSolution
		{7E2E125D-74BD-4AD6-8E02-A08A695F9D99}.Debug|Any CPU.ActiveCfg = Debug|Any CPU
		{7E2E125D-74BD-4AD6-8E02-A08A695F9D99}.Debug|Any CPU.Build.0 = Debug|Any CPU
		{7E2E125D-74BD-4AD6-8E02-A08A695F9D99}.Debug|x86.ActiveCfg = Debug|Any CPU
		{7E2E125D-74BD-4AD6-8E02-A08A695F9D99}.Debug|x86.Build.0 = Debug|Any CPU
		{7E2E125D-74BD-4AD6-8E02-A08A695F9D99}.Release|Any CPU.ActiveCfg = Release|Any CPU
		{7E2E125D-74BD-4AD6-8E02-A08A695F9D99}.Release|Any CPU.Build.0 = Release|Any CPU
		{7E2E125D-74BD-4AD6-8E02-A08A695F9D99}.Release|x86.ActiveCfg = Release|Any CPU
		{7E2E125D-74BD-4AD6-8E02-A08A695F9D99}.Release|x86.Build.0 = Release|Any CPU
		{D1B4455F-3FF3-4872-B641-DC326F0CE24C}.Debug|Any CPU.ActiveCfg = Debug|Any CPU
		{D1B4455F-3FF3-4872-B641-DC326F0CE24C}.Debug|Any CPU.Build.0 = Debug|Any CPU
		{D1B4455F-3FF3-4872-B641-DC326F0CE24C}.Debug|x86.ActiveCfg = Debug|Any CPU
		{D1B4455F-3FF3-4872-B641-DC326F0CE24C}.Debug|x86.Build.0 = Debug|Any CPU
		{D1B4455F-3FF3-4872-B641-DC326F0CE24C}.Release|Any CPU.ActiveCfg = Release|Any CPU
		{D1B4455F-3FF3-4872-B641-DC326F0CE24C}.Release|Any CPU.Build.0 = Release|Any CPU
		{D1B4455F-3FF3-4872-B641-DC326F0CE24C}.Release|x86.ActiveCfg = Release|Any CPU
		{D1B4455F-3FF3-4872-B641-DC326F0CE24C}.Release|x86.Build.0 = Release|Any CPU
		{DEAF0B68-BC36-419C-936E-DCE52FE8BD33}.Debug|Any CPU.ActiveCfg = Debug|Any CPU
		{DEAF0B68-BC36-419C-936E-DCE52FE8BD33}.Debug|Any CPU.Build.0 = Debug|Any CPU
		{DEAF0B68-BC36-419C-936E-DCE52FE8BD33}.Debug|x86.ActiveCfg = Debug|Any CPU
		{DEAF0B68-BC36-419C-936E-DCE52FE8BD33}.Debug|x86.Build.0 = Debug|Any CPU
		{DEAF0B68-BC36-419C-936E-DCE52FE8BD33}.Release|Any CPU.ActiveCfg = Release|Any CPU
		{DEAF0B68-BC36-419C-936E-DCE52FE8BD33}.Release|Any CPU.Build.0 = Release|Any CPU
		{DEAF0B68-BC36-419C-936E-DCE52FE8BD33}.Release|x86.ActiveCfg = Release|Any CPU
		{DEAF0B68-BC36-419C-936E-DCE52FE8BD33}.Release|x86.Build.0 = Release|Any CPU
		{35CC0FF5-A9FA-454E-A6B1-67260929222C}.Debug|Any CPU.ActiveCfg = Debug|Any CPU
		{35CC0FF5-A9FA-454E-A6B1-67260929222C}.Debug|Any CPU.Build.0 = Debug|Any CPU
		{35CC0FF5-A9FA-454E-A6B1-67260929222C}.Debug|x86.ActiveCfg = Debug|Any CPU
		{35CC0FF5-A9FA-454E-A6B1-67260929222C}.Debug|x86.Build.0 = Debug|Any CPU
		{35CC0FF5-A9FA-454E-A6B1-67260929222C}.Release|Any CPU.ActiveCfg = Release|Any CPU
		{35CC0FF5-A9FA-454E-A6B1-67260929222C}.Release|Any CPU.Build.0 = Release|Any CPU
		{35CC0FF5-A9FA-454E-A6B1-67260929222C}.Release|x86.ActiveCfg = Release|Any CPU
		{35CC0FF5-A9FA-454E-A6B1-67260929222C}.Release|x86.Build.0 = Release|Any CPU
	EndGlobalSection
	GlobalSection(SolutionProperties) = preSolution
		HideSolutionNode = FALSE
	EndGlobalSection
	GlobalSection(ExtensibilityGlobals) = postSolution
		SolutionGuid = {6B6FDBD7-CC06-4E1C-AE63-E6FB605FE264}
	EndGlobalSection
EndGlobal
